
Microsoft Visual Studio Solution File, Format Version 12.00
# Visual Studio Version 17
VisualStudioVersion = 17.4.33110.190
MinimumVisualStudioVersion = 10.0.40219.1
Project("{FAE04EC0-301F-11D3-BF4B-00C04F79EFBC}") = "zarzadzanie_blokami", "zarzadzanie_blokami.csproj", "{53ACE6F9-09BF-4448-8905-E439E43E34B6}"
EndProject
Global
	GlobalSection(SolutionConfigurationPlatforms) = preSolution
		Debug|Any CPU = Debug|Any CPU
		Release|Any CPU = Release|Any CPU
	EndGlobalSection
	GlobalSection(ProjectConfigurationPlatforms) = postSolution
		{53ACE6F9-09BF-4448-8905-E439E43E34B6}.Debug|Any CPU.ActiveCfg = Debug|Any CPU
		{53ACE6F9-09BF-4448-8905-E439E43E34B6}.Debug|Any CPU.Build.0 = Debug|Any CPU
		{53ACE6F9-09BF-4448-8905-E439E43E34B6}.Release|Any CPU.ActiveCfg = Release|Any CPU
		{53ACE6F9-09BF-4448-8905-E439E43E34B6}.Release|Any CPU.Build.0 = Release|Any CPU
	EndGlobalSection
	GlobalSection(SolutionProperties) = preSolution
		HideSolutionNode = FALSE
	EndGlobalSection
	GlobalSection(ExtensibilityGlobals) = postSolution
		SolutionGuid = {B8C150C6-D7B0-438F-A319-3B742B184356}
	EndGlobalSection
EndGlobal
